
Microsoft Visual Studio Solution File, Format Version 12.00
# Visual Studio Version 17
VisualStudioVersion = 17.5.33414.496
MinimumVisualStudioVersion = 10.0.40219.1
Project("{FAE04EC0-301F-11D3-BF4B-00C04F79EFBC}") = "FizzBuzz", "FizzBuzz\FizzBuzz.csproj", "{D232309E-C408-4007-8494-627D4DCEB24A}"
EndProject
Global
	GlobalSection(SolutionConfigurationPlatforms) = preSolution
		Debug|Any CPU = Debug|Any CPU
		Release|Any CPU = Release|Any CPU
	EndGlobalSection
	GlobalSection(ProjectConfigurationPlatforms) = postSolution
		{D232309E-C408-4007-8494-627D4DCEB24A}.Debug|Any CPU.ActiveCfg = Debug|Any CPU
		{D232309E-C408-4007-8494-627D4DCEB24A}.Debug|Any CPU.Build.0 = Debug|Any CPU
		{D232309E-C408-4007-8494-627D4DCEB24A}.Release|Any CPU.ActiveCfg = Release|Any CPU
		{D232309E-C408-4007-8494-627D4DCEB24A}.Release|Any CPU.Build.0 = Release|Any CPU
	EndGlobalSection
	GlobalSection(SolutionProperties) = preSolution
		HideSolutionNode = FALSE
	EndGlobalSection
	GlobalSection(ExtensibilityGlobals) = postSolution
		SolutionGuid = {DF01791B-C93B-4ED7-A715-AB0CB0585D25}
	EndGlobalSection
EndGlobal
